
Microsoft Visual Studio Solution File, Format Version 12.00
# Visual Studio Version 17
VisualStudioVersion = 17.0.31903.59
MinimumVisualStudioVersion = 10.0.40219.1
Project("{2150E333-8FDC-42A3-9474-1A3956D46DE8}") = "src", "src", "{827E0CD3-B72D-47B6-A68D-7590B98EB39B}"
EndProject
Project("{FAE04EC0-301F-11D3-BF4B-00C04F79EFBC}") = "WhoAndWhat.Domain", "src\WhoAndWhat.Domain\WhoAndWhat.Domain.csproj", "{7D5F599C-B206-42EC-A260-B2180BAB2490}"
EndProject
Project("{FAE04EC0-301F-11D3-BF4B-00C04F79EFBC}") = "WhoAndWhat.Application", "src\WhoAndWhat.Application\WhoAndWhat.Application.csproj", "{06DFA5B3-2B93-41FB-AA2D-C02B3C9B9688}"
EndProject
Project("{FAE04EC0-301F-11D3-BF4B-00C04F79EFBC}") = "WhoAndWhat.Infrastructure", "src\WhoAndWhat.Infrastructure\WhoAndWhat.Infrastructure.csproj", "{DB5EB9BE-919E-4B07-8FF8-69BC0F23DFA7}"
EndProject
Project("{FAE04EC0-301F-11D3-BF4B-00C04F79EFBC}") = "WhoAndWhat.API", "src\WhoAndWhat.API\WhoAndWhat.API.csproj", "{7F21E47F-CA56-48A3-A2F0-BEEFC86D364B}"
EndProject
Project("{2150E333-8FDC-42A3-9474-1A3956D46DE8}") = "tests", "tests", "{0AB3BF05-4346-4AA6-1389-037BE0695223}"
EndProject
Project("{FAE04EC0-301F-11D3-BF4B-00C04F79EFBC}") = "WhoAndWhat.Domain.Tests", "tests\WhoAndWhat.Domain.Tests\WhoAndWhat.Domain.Tests.csproj", "{F790B472-DE71-4DFF-93F4-334CDDE242E5}"
EndProject
Project("{FAE04EC0-301F-11D3-BF4B-00C04F79EFBC}") = "WhoAndWhat.Application.Tests", "tests\WhoAndWhat.Application.Tests\WhoAndWhat.Application.Tests.csproj", "{B45EAD6C-89BE-447A-914C-279540B5800D}"
EndProject
Project("{FAE04EC0-301F-11D3-BF4B-00C04F79EFBC}") = "WhoAndWhat.Infrastructure.Tests", "tests\WhoAndWhat.Infrastructure.Tests\WhoAndWhat.Infrastructure.Tests.csproj", "{6BE23717-9646-4386-9D47-ACF52F667351}"
EndProject
Project("{FAE04EC0-301F-11D3-BF4B-00C04F79EFBC}") = "WhoAndWhat.API.Tests", "tests\WhoAndWhat.API.Tests\WhoAndWhat.API.Tests.csproj", "{4285E325-DF6F-48DA-A257-1C556DE45D23}"
EndProject
Project("{FAE04EC0-301F-11D3-BF4B-00C04F79EFBC}") = "WhoAndWhat.Architecture.Tests", "tests\WhoAndWhat.Architecture.Tests\WhoAndWhat.Architecture.Tests.csproj", "{CEEC34D7-C21D-421B-9F89-579E0CC9872C}"
EndProject
Global
	GlobalSection(SolutionConfigurationPlatforms) = preSolution
		Debug|Any CPU = Debug|Any CPU
		Debug|x64 = Debug|x64
		Debug|x86 = Debug|x86
		Release|Any CPU = Release|Any CPU
		Release|x64 = Release|x64
		Release|x86 = Release|x86
	EndGlobalSection
	GlobalSection(ProjectConfigurationPlatforms) = postSolution
		{7D5F599C-B206-42EC-A260-B2180BAB2490}.Debug|Any CPU.ActiveCfg = Debug|Any CPU
		{7D5F599C-B206-42EC-A260-B2180BAB2490}.Debug|Any CPU.Build.0 = Debug|Any CPU
		{7D5F599C-B206-42EC-A260-B2180BAB2490}.Debug|x64.ActiveCfg = Debug|Any CPU
		{7D5F599C-B206-42EC-A260-B2180BAB2490}.Debug|x64.Build.0 = Debug|Any CPU
		{7D5F599C-B206-42EC-A260-B2180BAB2490}.Debug|x86.ActiveCfg = Debug|Any CPU
		{7D5F599C-B206-42EC-A260-B2180BAB2490}.Debug|x86.Build.0 = Debug|Any CPU
		{7D5F599C-B206-42EC-A260-B2180BAB2490}.Release|Any CPU.ActiveCfg = Release|Any CPU
		{7D5F599C-B206-42EC-A260-B2180BAB2490}.Release|Any CPU.Build.0 = Release|Any CPU
		{7D5F599C-B206-42EC-A260-B2180BAB2490}.Release|x64.ActiveCfg = Release|Any CPU
		{7D5F599C-B206-42EC-A260-B2180BAB2490}.Release|x64.Build.0 = Release|Any CPU
		{7D5F599C-B206-42EC-A260-B2180BAB2490}.Release|x86.ActiveCfg = Release|Any CPU
		{7D5F599C-B206-42EC-A260-B2180BAB2490}.Release|x86.Build.0 = Release|Any CPU
		{06DFA5B3-2B93-41FB-AA2D-C02B3C9B9688}.Debug|Any CPU.ActiveCfg = Debug|Any CPU
		{06DFA5B3-2B93-41FB-AA2D-C02B3C9B9688}.Debug|Any CPU.Build.0 = Debug|Any CPU
		{06DFA5B3-2B93-41FB-AA2D-C02B3C9B9688}.Debug|x64.ActiveCfg = Debug|Any CPU
		{06DFA5B3-2B93-41FB-AA2D-C02B3C9B9688}.Debug|x64.Build.0 = Debug|Any CPU
		{06DFA5B3-2B93-41FB-AA2D-C02B3C9B9688}.Debug|x86.ActiveCfg = Debug|Any CPU
		{06DFA5B3-2B93-41FB-AA2D-C02B3C9B9688}.Debug|x86.Build.0 = Debug|Any CPU
		{06DFA5B3-2B93-41FB-AA2D-C02B3C9B9688}.Release|Any CPU.ActiveCfg = Release|Any CPU
		{06DFA5B3-2B93-41FB-AA2D-C02B3C9B9688}.Release|Any CPU.Build.0 = Release|Any CPU
		{06DFA5B3-2B93-41FB-AA2D-C02B3C9B9688}.Release|x64.ActiveCfg = Release|Any CPU
		{06DFA5B3-2B93-41FB-AA2D-C02B3C9B9688}.Release|x64.Build.0 = Release|Any CPU
		{06DFA5B3-2B93-41FB-AA2D-C02B3C9B9688}.Release|x86.ActiveCfg = Release|Any CPU
		{06DFA5B3-2B93-41FB-AA2D-C02B3C9B9688}.Release|x86.Build.0 = Release|Any CPU
		{DB5EB9BE-919E-4B07-8FF8-69BC0F23DFA7}.Debug|Any CPU.ActiveCfg = Debug|Any CPU
		{DB5EB9BE-919E-4B07-8FF8-69BC0F23DFA7}.Debug|Any CPU.Build.0 = Debug|Any CPU
		{DB5EB9BE-919E-4B07-8FF8-69BC0F23DFA7}.Debug|x64.ActiveCfg = Debug|Any CPU
		{DB5EB9BE-919E-4B07-8FF8-69BC0F23DFA7}.Debug|x64.Build.0 = Debug|Any CPU
		{DB5EB9BE-919E-4B07-8FF8-69BC0F23DFA7}.Debug|x86.ActiveCfg = Debug|Any CPU
		{DB5EB9BE-919E-4B07-8FF8-69BC0F23DFA7}.Debug|x86.Build.0 = Debug|Any CPU
		{DB5EB9BE-919E-4B07-8FF8-69BC0F23DFA7}.Release|Any CPU.ActiveCfg = Release|Any CPU
		{DB5EB9BE-919E-4B07-8FF8-69BC0F23DFA7}.Release|Any CPU.Build.0 = Release|Any CPU
		{DB5EB9BE-919E-4B07-8FF8-69BC0F23DFA7}.Release|x64.ActiveCfg = Release|Any CPU
		{DB5EB9BE-919E-4B07-8FF8-69BC0F23DFA7}.Release|x64.Build.0 = Release|Any CPU
		{DB5EB9BE-919E-4B07-8FF8-69BC0F23DFA7}.Release|x86.ActiveCfg = Release|Any CPU
		{DB5EB9BE-919E-4B07-8FF8-69BC0F23DFA7}.Release|x86.Build.0 = Release|Any CPU
		{7F21E47F-CA56-48A3-A2F0-BEEFC86D364B}.Debug|Any CPU.ActiveCfg = Debug|Any CPU
		{7F21E47F-CA56-48A3-A2F0-BEEFC86D364B}.Debug|Any CPU.Build.0 = Debug|Any CPU
		{7F21E47F-CA56-48A3-A2F0-BEEFC86D364B}.Debug|x64.ActiveCfg = Debug|Any CPU
		{7F21E47F-CA56-48A3-A2F0-BEEFC86D364B}.Debug|x64.Build.0 = Debug|Any CPU
		{7F21E47F-CA56-48A3-A2F0-BEEFC86D364B}.Debug|x86.ActiveCfg = Debug|Any CPU
		{7F21E47F-CA56-48A3-A2F0-BEEFC86D364B}.Debug|x86.Build.0 = Debug|Any CPU
		{7F21E47F-CA56-48A3-A2F0-BEEFC86D364B}.Release|Any CPU.ActiveCfg = Release|Any CPU
		{7F21E47F-CA56-48A3-A2F0-BEEFC86D364B}.Release|Any CPU.Build.0 = Release|Any CPU
		{7F21E47F-CA56-48A3-A2F0-BEEFC86D364B}.Release|x64.ActiveCfg = Release|Any CPU
		{7F21E47F-CA56-48A3-A2F0-BEEFC86D364B}.Release|x64.Build.0 = Release|Any CPU
		{7F21E47F-CA56-48A3-A2F0-BEEFC86D364B}.Release|x86.ActiveCfg = Release|Any CPU
		{7F21E47F-CA56-48A3-A2F0-BEEFC86D364B}.Release|x86.Build.0 = Release|Any CPU
		{F790B472-DE71-4DFF-93F4-334CDDE242E5}.Debug|Any CPU.ActiveCfg = Debug|Any CPU
		{F790B472-DE71-4DFF-93F4-334CDDE242E5}.Debug|Any CPU.Build.0 = Debug|Any CPU
		{F790B472-DE71-4DFF-93F4-334CDDE242E5}.Debug|x64.ActiveCfg = Debug|Any CPU
		{F790B472-DE71-4DFF-93F4-334CDDE242E5}.Debug|x64.Build.0 = Debug|Any CPU
		{F790B472-DE71-4DFF-93F4-334CDDE242E5}.Debug|x86.ActiveCfg = Debug|Any CPU
		{F790B472-DE71-4DFF-93F4-334CDDE242E5}.Debug|x86.Build.0 = Debug|Any CPU
		{F790B472-DE71-4DFF-93F4-334CDDE242E5}.Release|Any CPU.ActiveCfg = Release|Any CPU
		{F790B472-DE71-4DFF-93F4-334CDDE242E5}.Release|Any CPU.Build.0 = Release|Any CPU
		{F790B472-DE71-4DFF-93F4-334CDDE242E5}.Release|x64.ActiveCfg = Release|Any CPU
		{F790B472-DE71-4DFF-93F4-334CDDE242E5}.Release|x64.Build.0 = Release|Any CPU
		{F790B472-DE71-4DFF-93F4-334CDDE242E5}.Release|x86.ActiveCfg = Release|Any CPU
		{F790B472-DE71-4DFF-93F4-334CDDE242E5}.Release|x86.Build.0 = Release|Any CPU
		{B45EAD6C-89BE-447A-914C-279540B5800D}.Debug|Any CPU.ActiveCfg = Debug|Any CPU
		{B45EAD6C-89BE-447A-914C-279540B5800D}.Debug|Any CPU.Build.0 = Debug|Any CPU
		{B45EAD6C-89BE-447A-914C-279540B5800D}.Debug|x64.ActiveCfg = Debug|Any CPU
		{B45EAD6C-89BE-447A-914C-279540B5800D}.Debug|x64.Build.0 = Debug|Any CPU
		{B45EAD6C-89BE-447A-914C-279540B5800D}.Debug|x86.ActiveCfg = Debug|Any CPU
		{B45EAD6C-89BE-447A-914C-279540B5800D}.Debug|x86.Build.0 = Debug|Any CPU
		{B45EAD6C-89BE-447A-914C-279540B5800D}.Release|Any CPU.ActiveCfg = Release|Any CPU
		{B45EAD6C-89BE-447A-914C-279540B5800D}.Release|Any CPU.Build.0 = Release|Any CPU
		{B45EAD6C-89BE-447A-914C-279540B5800D}.Release|x64.ActiveCfg = Release|Any CPU
		{B45EAD6C-89BE-447A-914C-279540B5800D}.Release|x64.Build.0 = Release|Any CPU
		{B45EAD6C-89BE-447A-914C-279540B5800D}.Release|x86.ActiveCfg = Release|Any CPU
		{B45EAD6C-89BE-447A-914C-279540B5800D}.Release|x86.Build.0 = Release|Any CPU
		{6BE23717-9646-4386-9D47-ACF52F667351}.Debug|Any CPU.ActiveCfg = Debug|Any CPU
		{6BE23717-9646-4386-9D47-ACF52F667351}.Debug|Any CPU.Build.0 = Debug|Any CPU
		{6BE23717-9646-4386-9D47-ACF52F667351}.Debug|x64.ActiveCfg = Debug|Any CPU
		{6BE23717-9646-4386-9D47-ACF52F667351}.Debug|x64.Build.0 = Debug|Any CPU
		{6BE23717-9646-4386-9D47-ACF52F667351}.Debug|x86.ActiveCfg = Debug|Any CPU
		{6BE23717-9646-4386-9D47-ACF52F667351}.Debug|x86.Build.0 = Debug|Any CPU
		{6BE23717-9646-4386-9D47-ACF52F667351}.Release|Any CPU.ActiveCfg = Release|Any CPU
		{6BE23717-9646-4386-9D47-ACF52F667351}.Release|Any CPU.Build.0 = Release|Any CPU
		{6BE23717-9646-4386-9D47-ACF52F667351}.Release|x64.ActiveCfg = Release|Any CPU
		{6BE23717-9646-4386-9D47-ACF52F667351}.Release|x64.Build.0 = Release|Any CPU
		{6BE23717-9646-4386-9D47-ACF52F667351}.Release|x86.ActiveCfg = Release|Any CPU
		{6BE23717-9646-4386-9D47-ACF52F667351}.Release|x86.Build.0 = Release|Any CPU
		{4285E325-DF6F-48DA-A257-1C556DE45D23}.Debug|Any CPU.ActiveCfg = Debug|Any CPU
		{4285E325-DF6F-48DA-A257-1C556DE45D23}.Debug|Any CPU.Build.0 = Debug|Any CPU
		{4285E325-DF6F-48DA-A257-1C556DE45D23}.Debug|x64.ActiveCfg = Debug|Any CPU
		{4285E325-DF6F-48DA-A257-1C556DE45D23}.Debug|x64.Build.0 = Debug|Any CPU
		{4285E325-DF6F-48DA-A257-1C556DE45D23}.Debug|x86.ActiveCfg = Debug|Any CPU
		{4285E325-DF6F-48DA-A257-1C556DE45D23}.Debug|x86.Build.0 = Debug|Any CPU
		{4285E325-DF6F-48DA-A257-1C556DE45D23}.Release|Any CPU.ActiveCfg = Release|Any CPU
		{4285E325-DF6F-48DA-A257-1C556DE45D23}.Release|Any CPU.Build.0 = Release|Any CPU
		{4285E325-DF6F-48DA-A257-1C556DE45D23}.Release|x64.ActiveCfg = Release|Any CPU
		{4285E325-DF6F-48DA-A257-1C556DE45D23}.Release|x64.Build.0 = Release|Any CPU
		{4285E325-DF6F-48DA-A257-1C556DE45D23}.Release|x86.ActiveCfg = Release|Any CPU
		{4285E325-DF6F-48DA-A257-1C556DE45D23}.Release|x86.Build.0 = Release|Any CPU
		{CEEC34D7-C21D-421B-9F89-579E0CC9872C}.Debug|Any CPU.ActiveCfg = Debug|Any CPU
		{CEEC34D7-C21D-421B-9F89-579E0CC9872C}.Debug|Any CPU.Build.0 = Debug|Any CPU
		{CEEC34D7-C21D-421B-9F89-579E0CC9872C}.Debug|x64.ActiveCfg = Debug|Any CPU
		{CEEC34D7-C21D-421B-9F89-579E0CC9872C}.Debug|x64.Build.0 = Debug|Any CPU
		{CEEC34D7-C21D-421B-9F89-579E0CC9872C}.Debug|x86.ActiveCfg = Debug|Any CPU
		{CEEC34D7-C21D-421B-9F89-579E0CC9872C}.Debug|x86.Build.0 = Debug|Any CPU
		{CEEC34D7-C21D-421B-9F89-579E0CC9872C}.Release|Any CPU.ActiveCfg = Release|Any CPU
		{CEEC34D7-C21D-421B-9F89-579E0CC9872C}.Release|Any CPU.Build.0 = Release|Any CPU
		{CEEC34D7-C21D-421B-9F89-579E0CC9872C}.Release|x64.ActiveCfg = Release|Any CPU
		{CEEC34D7-C21D-421B-9F89-579E0CC9872C}.Release|x64.Build.0 = Release|Any CPU
		{CEEC34D7-C21D-421B-9F89-579E0CC9872C}.Release|x86.ActiveCfg = Release|Any CPU
		{CEEC34D7-C21D-421B-9F89-579E0CC9872C}.Release|x86.Build.0 = Release|Any CPU
	EndGlobalSection
	GlobalSection(SolutionProperties) = preSolution
		HideSolutionNode = FALSE
	EndGlobalSection
	GlobalSection(NestedProjects) = preSolution
		{7D5F599C-B206-42EC-A260-B2180BAB2490} = {827E0CD3-B72D-47B6-A68D-7590B98EB39B}
		{06DFA5B3-2B93-41FB-AA2D-C02B3C9B9688} = {827E0CD3-B72D-47B6-A68D-7590B98EB39B}
		{DB5EB9BE-919E-4B07-8FF8-69BC0F23DFA7} = {827E0CD3-B72D-47B6-A68D-7590B98EB39B}
		{7F21E47F-CA56-48A3-A2F0-BEEFC86D364B} = {827E0CD3-B72D-47B6-A68D-7590B98EB39B}
		{F790B472-DE71-4DFF-93F4-334CDDE242E5} = {0AB3BF05-4346-4AA6-1389-037BE0695223}
		{B45EAD6C-89BE-447A-914C-279540B5800D} = {0AB3BF05-4346-4AA6-1389-037BE0695223}
		{6BE23717-9646-4386-9D47-ACF52F667351} = {0AB3BF05-4346-4AA6-1389-037BE0695223}
		{4285E325-DF6F-48DA-A257-1C556DE45D23} = {0AB3BF05-4346-4AA6-1389-037BE0695223}
		{CEEC34D7-C21D-421B-9F89-579E0CC9872C} = {0AB3BF05-4346-4AA6-1389-037BE0695223}
	EndGlobalSection
EndGlobal
